
Microsoft Visual Studio Solution File, Format Version 12.00
# Visual Studio 15
VisualStudioVersion = 15.0.27428.2037
MinimumVisualStudioVersion = 10.0.40219.1
Project("{9A19103F-16F7-4668-BE54-9A1E7A4F7556}") = "Receive", "Receive\Receive.csproj", "{BDAA3B65-6A3D-48A9-9D87-514F840150D8}"
EndProject
Project("{9A19103F-16F7-4668-BE54-9A1E7A4F7556}") = "Send", "Send\Send.csproj", "{7211665D-D886-4041-A5E6-57DD44B5A8DA}"
EndProject
Global
	GlobalSection(SolutionConfigurationPlatforms) = preSolution
		Debug|Any CPU = Debug|Any CPU
		Release|Any CPU = Release|Any CPU
	EndGlobalSection
	GlobalSection(ProjectConfigurationPlatforms) = postSolution
		{BDAA3B65-6A3D-48A9-9D87-514F840150D8}.Debug|Any CPU.ActiveCfg = Debug|Any CPU
		{BDAA3B65-6A3D-48A9-9D87-514F840150D8}.Debug|Any CPU.Build.0 = Debug|Any CPU
		{BDAA3B65-6A3D-48A9-9D87-514F840150D8}.Release|Any CPU.ActiveCfg = Release|Any CPU
		{BDAA3B65-6A3D-48A9-9D87-514F840150D8}.Release|Any CPU.Build.0 = Release|Any CPU
		{7211665D-D886-4041-A5E6-57DD44B5A8DA}.Debug|Any CPU.ActiveCfg = Debug|Any CPU
		{7211665D-D886-4041-A5E6-57DD44B5A8DA}.Debug|Any CPU.Build.0 = Debug|Any CPU
		{7211665D-D886-4041-A5E6-57DD44B5A8DA}.Release|Any CPU.ActiveCfg = Release|Any CPU
		{7211665D-D886-4041-A5E6-57DD44B5A8DA}.Release|Any CPU.Build.0 = Release|Any CPU
	EndGlobalSection
	GlobalSection(SolutionProperties) = preSolution
		HideSolutionNode = FALSE
	EndGlobalSection
	GlobalSection(ExtensibilityGlobals) = postSolution
		SolutionGuid = {DB14DC0A-19A3-4E4B-98D5-A0FFD29DBE59}
	EndGlobalSection
EndGlobal
